
Microsoft Visual Studio Solution File, Format Version 12.00
# Visual Studio Version 17
VisualStudioVersion = 17.2.32630.192
MinimumVisualStudioVersion = 10.0.40219.1
Project("{FAE04EC0-301F-11D3-BF4B-00C04F79EFBC}") = "BankTransferAPI", "BankTransferAPI\BankTransferAPI.csproj", "{2D8A46AE-18F5-4E4F-B9D4-BF9B1280A4B6}"
EndProject
Global
	GlobalSection(SolutionConfigurationPlatforms) = preSolution
		Debug|Any CPU = Debug|Any CPU
		Release|Any CPU = Release|Any CPU
	EndGlobalSection
	GlobalSection(ProjectConfigurationPlatforms) = postSolution
		{2D8A46AE-18F5-4E4F-B9D4-BF9B1280A4B6}.Debug|Any CPU.ActiveCfg = Debug|Any CPU
		{2D8A46AE-18F5-4E4F-B9D4-BF9B1280A4B6}.Debug|Any CPU.Build.0 = Debug|Any CPU
		{2D8A46AE-18F5-4E4F-B9D4-BF9B1280A4B6}.Release|Any CPU.ActiveCfg = Release|Any CPU
		{2D8A46AE-18F5-4E4F-B9D4-BF9B1280A4B6}.Release|Any CPU.Build.0 = Release|Any CPU
	EndGlobalSection
	GlobalSection(SolutionProperties) = preSolution
		HideSolutionNode = FALSE
	EndGlobalSection
	GlobalSection(ExtensibilityGlobals) = postSolution
		SolutionGuid = {0E6995A9-7E26-4518-ACD7-323AB23708D5}
	EndGlobalSection
EndGlobal
